
Microsoft Visual Studio Solution File, Format Version 12.00
# Visual Studio 14
VisualStudioVersion = 14.0.22609.0
MinimumVisualStudioVersion = 10.0.40219.1
Project("{FAE04EC0-301F-11D3-BF4B-00C04F79EFBC}") = "Dargon.Utilities", "Dargon.Utilities.csproj", "{D2A303A1-665F-4F6F-9BC6-3D91A8F02978}"
EndProject
Project("{FAE04EC0-301F-11D3-BF4B-00C04F79EFBC}") = "Dargon.Utilities.Tests", "Tests\Dargon.Utilities.Tests.csproj", "{9B1858F9-D321-41A1-8793-A43B1A5C6958}"
EndProject
Global
	GlobalSection(SolutionConfigurationPlatforms) = preSolution
		Debug|Any CPU = Debug|Any CPU
		Release|Any CPU = Release|Any CPU
	EndGlobalSection
	GlobalSection(ProjectConfigurationPlatforms) = postSolution
		{D2A303A1-665F-4F6F-9BC6-3D91A8F02978}.Debug|Any CPU.ActiveCfg = Debug|Any CPU
		{D2A303A1-665F-4F6F-9BC6-3D91A8F02978}.Debug|Any CPU.Build.0 = Debug|Any CPU
		{D2A303A1-665F-4F6F-9BC6-3D91A8F02978}.Release|Any CPU.ActiveCfg = Release|Any CPU
		{D2A303A1-665F-4F6F-9BC6-3D91A8F02978}.Release|Any CPU.Build.0 = Release|Any CPU
		{9B1858F9-D321-41A1-8793-A43B1A5C6958}.Debug|Any CPU.ActiveCfg = Debug|Any CPU
		{9B1858F9-D321-41A1-8793-A43B1A5C6958}.Debug|Any CPU.Build.0 = Debug|Any CPU
		{9B1858F9-D321-41A1-8793-A43B1A5C6958}.Release|Any CPU.ActiveCfg = Release|Any CPU
		{9B1858F9-D321-41A1-8793-A43B1A5C6958}.Release|Any CPU.Build.0 = Release|Any CPU
	EndGlobalSection
	GlobalSection(SolutionProperties) = preSolution
		HideSolutionNode = FALSE
	EndGlobalSection
EndGlobal
